
Microsoft Visual Studio Solution File, Format Version 12.00
# Visual Studio Version 16
VisualStudioVersion = 16.0.29230.47
MinimumVisualStudioVersion = 10.0.40219.1
Project("{FAE04EC0-301F-11D3-BF4B-00C04F79EFBC}") = "PuntoDeVentas", "PuntoDeVentas\PuntoDeVentas.csproj", "{C10334CA-A692-4894-B9F2-9EF85A6B63C9}"
EndProject
Project("{FAE04EC0-301F-11D3-BF4B-00C04F79EFBC}") = "Modelos", "Modelos\Modelos.csproj", "{D5BDEACC-44B7-4764-AAB6-516CA629AAF0}"
EndProject
Project("{FAE04EC0-301F-11D3-BF4B-00C04F79EFBC}") = "Consultas", "Consultas\Consultas.csproj", "{FEAA4A70-23CD-4580-978C-6B250DDE76F5}"
EndProject
Project("{FAE04EC0-301F-11D3-BF4B-00C04F79EFBC}") = "PuntoDeVentas.web", "PuntoDeVentas.web\PuntoDeVentas.web.csproj", "{4452C371-C543-468E-BC1F-09F6B9008A4F}"
EndProject
Global
	GlobalSection(SolutionConfigurationPlatforms) = preSolution
		Debug|Any CPU = Debug|Any CPU
		Release|Any CPU = Release|Any CPU
	EndGlobalSection
	GlobalSection(ProjectConfigurationPlatforms) = postSolution
		{C10334CA-A692-4894-B9F2-9EF85A6B63C9}.Debug|Any CPU.ActiveCfg = Debug|Any CPU
		{C10334CA-A692-4894-B9F2-9EF85A6B63C9}.Debug|Any CPU.Build.0 = Debug|Any CPU
		{C10334CA-A692-4894-B9F2-9EF85A6B63C9}.Release|Any CPU.ActiveCfg = Release|Any CPU
		{C10334CA-A692-4894-B9F2-9EF85A6B63C9}.Release|Any CPU.Build.0 = Release|Any CPU
		{D5BDEACC-44B7-4764-AAB6-516CA629AAF0}.Debug|Any CPU.ActiveCfg = Debug|Any CPU
		{D5BDEACC-44B7-4764-AAB6-516CA629AAF0}.Debug|Any CPU.Build.0 = Debug|Any CPU
		{D5BDEACC-44B7-4764-AAB6-516CA629AAF0}.Release|Any CPU.ActiveCfg = Release|Any CPU
		{D5BDEACC-44B7-4764-AAB6-516CA629AAF0}.Release|Any CPU.Build.0 = Release|Any CPU
		{FEAA4A70-23CD-4580-978C-6B250DDE76F5}.Debug|Any CPU.ActiveCfg = Debug|Any CPU
		{FEAA4A70-23CD-4580-978C-6B250DDE76F5}.Debug|Any CPU.Build.0 = Debug|Any CPU
		{FEAA4A70-23CD-4580-978C-6B250DDE76F5}.Release|Any CPU.ActiveCfg = Release|Any CPU
		{FEAA4A70-23CD-4580-978C-6B250DDE76F5}.Release|Any CPU.Build.0 = Release|Any CPU
		{4452C371-C543-468E-BC1F-09F6B9008A4F}.Debug|Any CPU.ActiveCfg = Debug|Any CPU
		{4452C371-C543-468E-BC1F-09F6B9008A4F}.Debug|Any CPU.Build.0 = Debug|Any CPU
		{4452C371-C543-468E-BC1F-09F6B9008A4F}.Release|Any CPU.ActiveCfg = Release|Any CPU
		{4452C371-C543-468E-BC1F-09F6B9008A4F}.Release|Any CPU.Build.0 = Release|Any CPU
	EndGlobalSection
	GlobalSection(SolutionProperties) = preSolution
		HideSolutionNode = FALSE
	EndGlobalSection
	GlobalSection(ExtensibilityGlobals) = postSolution
		SolutionGuid = {6A5A8DAC-7F9D-4FA0-95A2-C1CB1946855C}
	EndGlobalSection
EndGlobal
